// !$*UTF8*$!
{
	archiveVersion = 1;
	classes = {
	};
	objectVersion = 46;
	objects = {

/* Begin PBXBuildFile section */
		D476120D1E042A860035F4C4 /* AppDelegate.swift in Sources */ = {isa = PBXBuildFile; fileRef = D476120C1E042A860035F4C4 /* AppDelegate.swift */; };
		D476120F1E042A860035F4C4 /* ViewController.swift in Sources */ = {isa = PBXBuildFile; fileRef = D476120E1E042A860035F4C4 /* ViewController.swift */; };
		D47612121E042A860035F4C4 /* Main.storyboard in Resources */ = {isa = PBXBuildFile; fileRef = D47612101E042A860035F4C4 /* Main.storyboard */; };
		D47612141E042A870035F4C4 /* Assets.xcassets in Resources */ = {isa = PBXBuildFile; fileRef = D47612131E042A870035F4C4 /* Assets.xcassets */; };
		D47612171E042A870035F4C4 /* LaunchScreen.storyboard in Resources */ = {isa = PBXBuildFile; fileRef = D47612151E042A870035F4C4 /* LaunchScreen.storyboard */; };
		D47612221E042A870035F4C4 /* DemoSaveTests.swift in Sources */ = {isa = PBXBuildFile; fileRef = D47612211E042A870035F4C4 /* DemoSaveTests.swift */; };
		D476122D1E042A870035F4C4 /* DemoSaveUITests.swift in Sources */ = {isa = PBXBuildFile; fileRef = D476122C1E042A870035F4C4 /* DemoSaveUITests.swift */; };
/* End PBXBuildFile section */

/* Begin PBXContainerItemProxy section */
		D476121E1E042A870035F4C4 /* PBXContainerItemProxy */ = {
			isa = PBXContainerItemProxy;
			containerPortal = D47612011E042A860035F4C4 /* Project object */;
			proxyType = 1;
			remoteGlobalIDString = D47612081E042A860035F4C4;
			remoteInfo = DemoSave;
		};
		D47612291E042A870035F4C4 /* PBXContainerItemProxy */ = {
			isa = PBXContainerItemProxy;
			containerPortal = D47612011E042A860035F4C4 /* Project object */;
			proxyType = 1;
			remoteGlobalIDString = D47612081E042A860035F4C4;
			remoteInfo = DemoSave;
		};
/* End PBXContainerItemProxy section */

/* Begin PBXFileReference section */
		D47612091E042A860035F4C4 /* DemoSave.app */ = {isa = PBXFileReference; explicitFileType = wrapper.application; includeInIndex = 0; path = DemoSave.app; sourceTree = BUILT_PRODUCTS_DIR; };
		D476120C1E042A860035F4C4 /* AppDelegate.swift */ = {isa = PBXFileReference; lastKnownFileType = sourcecode.swift; path = AppDelegate.swift; sourceTree = "<group>"; };
		D476120E1E042A860035F4C4 /* ViewController.swift */ = {isa = PBXFileReference; lastKnownFileType = sourcecode.swift; path = ViewController.swift; sourceTree = "<group>"; };
		D47612111E042A860035F4C4 /* Base */ = {isa = PBXFileReference; lastKnownFileType = file.storyboard; name = Base; path = Base.lproj/Main.storyboard; sourceTree = "<group>"; };
		D47612131E042A870035F4C4 /* Assets.xcassets */ = {isa = PBXFileReference; lastKnownFileType = folder.assetcatalog; path = Assets.xcassets; sourceTree = "<group>"; };
		D47612161E042A870035F4C4 /* Base */ = {isa = PBXFileReference; lastKnownFileType = file.storyboard; name = Base; path = Base.lproj/LaunchScreen.storyboard; sourceTree = "<group>"; };
		D47612181E042A870035F4C4 /* Info.plist */ = {isa = PBXFileReference; lastKnownFileType = text.plist.xml; path = Info.plist; sourceTree = "<group>"; };
		D476121D1E042A870035F4C4 /* DemoSaveTests.xctest */ = {isa = PBXFileReference; explicitFileType = wrapper.cfbundle; includeInIndex = 0; path = DemoSaveTests.xctest; sourceTree = BUILT_PRODUCTS_DIR; };
		D47612211E042A870035F4C4 /* DemoSaveTests.swift */ = {isa = PBXFileReference; lastKnownFileType = sourcecode.swift; path = DemoSaveTests.swift; sourceTree = "<group>"; };
		D47612231E042A870035F4C4 /* Info.plist */ = {isa = PBXFileReference; lastKnownFileType = text.plist.xml; path = Info.plist; sourceTree = "<group>"; };
		D47612281E042A870035F4C4 /* DemoSaveUITests.xctest */ = {isa = PBXFileReference; explicitFileType = wrapper.cfbundle; includeInIndex = 0; path = DemoSaveUITests.xctest; sourceTree = BUILT_PRODUCTS_DIR; };
		D476122C1E042A870035F4C4 /* DemoSaveUITests.swift */ = {isa = PBXFileReference; lastKnownFileType = sourcecode.swift; path = DemoSaveUITests.swift; sourceTree = "<group>"; };
		D476122E1E042A870035F4C4 /* Info.plist */ = {isa = PBXFileReference; lastKnownFileType = text.plist.xml; path = Info.plist; sourceTree = "<group>"; };
/* End PBXFileReference section */

/* Begin PBXFrameworksBuildPhase section */
		D47612061E042A860035F4C4 /* Frameworks */ = {
			isa = PBXFrameworksBuildPhase;
			buildActionMask = 2147483647;
			files = (
			);
			runOnlyForDeploymentPostprocessing = 0;
		};
		D476121A1E042A870035F4C4 /* Frameworks */ = {
			isa = PBXFrameworksBuildPhase;
			buildActionMask = 2147483647;
			files = (
			);
			runOnlyForDeploymentPostprocessing = 0;
		};
		D47612251E042A870035F4C4 /* Frameworks */ = {
			isa = PBXFrameworksBuildPhase;
			buildActionMask = 2147483647;
			files = (
			);
			runOnlyForDeploymentPostprocessing = 0;
		};
/* End PBXFrameworksBuildPhase section */

/* Begin PBXGroup section */
		D47612001E042A860035F4C4 = {
			isa = PBXGroup;
			children = (
				D476120B1E042A860035F4C4 /* DemoSave */,
				D47612201E042A870035F4C4 /* DemoSaveTests */,
				D476122B1E042A870035F4C4 /* DemoSaveUITests */,
				D476120A1E042A860035F4C4 /* Products */,
			);
			sourceTree = "<group>";
		};
		D476120A1E042A860035F4C4 /* Products */ = {
			isa = PBXGroup;
			children = (
				D47612091E042A860035F4C4 /* DemoSave.app */,
				D476121D1E042A870035F4C4 /* DemoSaveTests.xctest */,
				D47612281E042A870035F4C4 /* DemoSaveUITests.xctest */,
			);
			name = Products;
			sourceTree = "<group>";
		};
		D476120B1E042A860035F4C4 /* DemoSave */ = {
			isa = PBXGroup;
			children = (
				D476120C1E042A860035F4C4 /* AppDelegate.swift */,
				D476120E1E042A860035F4C4 /* ViewController.swift */,
				D47612101E042A860035F4C4 /* Main.storyboard */,
				D47612131E042A870035F4C4 /* Assets.xcassets */,
				D47612151E042A870035F4C4 /* LaunchScreen.storyboard */,
				D47612181E042A870035F4C4 /* Info.plist */,
			);
			path = DemoSave;
			sourceTree = "<group>";
		};
		D47612201E042A870035F4C4 /* DemoSaveTests */ = {
			isa = PBXGroup;
			children = (
				D47612211E042A870035F4C4 /* DemoSaveTests.swift */,
				D47612231E042A870035F4C4 /* Info.plist */,
			);
			path = DemoSaveTests;
			sourceTree = "<group>";
		};
		D476122B1E042A870035F4C4 /* DemoSaveUITests */ = {
			isa = PBXGroup;
			children = (
				D476122C1E042A870035F4C4 /* DemoSaveUITests.swift */,
				D476122E1E042A870035F4C4 /* Info.plist */,
			);
			path = DemoSaveUITests;
			sourceTree = "<group>";
		};
/* End PBXGroup section */

/* Begin PBXNativeTarget section */
		D47612081E042A860035F4C4 /* DemoSave */ = {
			isa = PBXNativeTarget;
			buildConfigurationList = D47612311E042A870035F4C4 /* Build configuration list for PBXNativeTarget "DemoSave" */;
			buildPhases = (
				D47612051E042A860035F4C4 /* Sources */,
				D47612061E042A860035F4C4 /* Frameworks */,
				D47612071E042A860035F4C4 /* Resources */,
			);
			buildRules = (
			);
			dependencies = (
			);
			name = DemoSave;
			productName = DemoSave;
			productReference = D47612091E042A860035F4C4 /* DemoSave.app */;
			productType = "com.apple.product-type.application";
		};
		D476121C1E042A870035F4C4 /* DemoSaveTests */ = {
			isa = PBXNativeTarget;
			buildConfigurationList = D47612341E042A870035F4C4 /* Build configuration list for PBXNativeTarget "DemoSaveTests" */;
			buildPhases = (
				D47612191E042A870035F4C4 /* Sources */,
				D476121A1E042A870035F4C4 /* Frameworks */,
				D476121B1E042A870035F4C4 /* Resources */,
			);
			buildRules = (
			);
			dependencies = (
				D476121F1E042A870035F4C4 /* PBXTargetDependency */,
			);
			name = DemoSaveTests;
			productName = DemoSaveTests;
			productReference = D476121D1E042A870035F4C4 /* DemoSaveTests.xctest */;
			productType = "com.apple.product-type.bundle.unit-test";
		};
		D47612271E042A870035F4C4 /* DemoSaveUITests */ = {
			isa = PBXNativeTarget;
			buildConfigurationList = D47612371E042A870035F4C4 /* Build configuration list for PBXNativeTarget "DemoSaveUITests" */;
			buildPhases = (
				D47612241E042A870035F4C4 /* Sources */,
				D47612251E042A870035F4C4 /* Frameworks */,
				D47612261E042A870035F4C4 /* Resources */,
			);
			buildRules = (
			);
			dependencies = (
				D476122A1E042A870035F4C4 /* PBXTargetDependency */,
			);
			name = DemoSaveUITests;
			productName = DemoSaveUITests;
			productReference = D47612281E042A870035F4C4 /* DemoSaveUITests.xctest */;
			productType = "com.apple.product-type.bundle.ui-testing";
		};
/* End PBXNativeTarget section */

/* Begin PBXProject section */
		D47612011E042A860035F4C4 /* Project object */ = {
			isa = PBXProject;
			attributes = {
				LastSwiftUpdateCheck = 0730;
				LastUpgradeCheck = 0730;
				ORGANIZATIONNAME = Jitendra;
				TargetAttributes = {
					D47612081E042A860035F4C4 = {
						CreatedOnToolsVersion = 7.3;
					};
					D476121C1E042A870035F4C4 = {
						CreatedOnToolsVersion = 7.3;
						TestTargetID = D47612081E042A860035F4C4;
					};
					D47612271E042A870035F4C4 = {
						CreatedOnToolsVersion = 7.3;
						TestTargetID = D47612081E042A860035F4C4;
					};
				};
			};
			buildConfigurationList = D47612041E042A860035F4C4 /* Build configuration list for PBXProject "DemoSave" */;
			compatibilityVersion = "Xcode 3.2";
			developmentRegion = English;
			hasScannedForEncodings = 0;
			knownRegions = (
				en,
				Base,
			);
			mainGroup = D47612001E042A860035F4C4;
			productRefGroup = D476120A1E042A860035F4C4 /* Products */;
			projectDirPath = "";
			projectRoot = "";
			targets = (
				D47612081E042A860035F4C4 /* DemoSave */,
				D476121C1E042A870035F4C4 /* DemoSaveTests */,
				D47612271E042A870035F4C4 /* DemoSaveUITests */,
			);
		};
/* End PBXProject section */

/* Begin PBXResourcesBuildPhase section */
		D47612071E042A860035F4C4 /* Resources */ = {
			isa = PBXResourcesBuildPhase;
			buildActionMask = 2147483647;
			files = (
				D47612171E042A870035F4C4 /* LaunchScreen.storyboard in Resources */,
				D47612141E042A870035F4C4 /* Assets.xcassets in Resources */,
				D47612121E042A860035F4C4 /* Main.storyboard in Resources */,
			);
			runOnlyForDeploymentPostprocessing = 0;
		};
		D476121B1E042A870035F4C4 /* Resources */ = {
			isa = PBXResourcesBuildPhase;
			buildActionMask = 2147483647;
			files = (
			);
			runOnlyForDeploymentPostprocessing = 0;
		};
		D47612261E042A870035F4C4 /* Resources */ = {
			isa = PBXResourcesBuildPhase;
			buildActionMask = 2147483647;
			files = (
			);
			runOnlyForDeploymentPostprocessing = 0;
		};
/* End PBXResourcesBuildPhase section */

/* Begin PBXSourcesBuildPhase section */
		D47612051E042A860035F4C4 /* Sources */ = {
			isa = PBXSourcesBuildPhase;
			buildActionMask = 2147483647;
			files = (
				D476120F1E042A860035F4C4 /* ViewController.swift in Sources */,
				D476120D1E042A860035F4C4 /* AppDelegate.swift in Sources */,
			);
			runOnlyForDeploymentPostprocessing = 0;
		};
		D47612191E042A870035F4C4 /* Sources */ = {
			isa = PBXSourcesBuildPhase;
			buildActionMask = 2147483647;
			files = (
				D47612221E042A870035F4C4 /* DemoSaveTests.swift in Sources */,
			);
			runOnlyForDeploymentPostprocessing = 0;
		};
		D47612241E042A870035F4C4 /* Sources */ = {
			isa = PBXSourcesBuildPhase;
			buildActionMask = 2147483647;
			files = (
				D476122D1E042A870035F4C4 /* DemoSaveUITests.swift in Sources */,
			);
			runOnlyForDeploymentPostprocessing = 0;
		};
/* End PBXSourcesBuildPhase section */

/* Begin PBXTargetDependency section */
		D476121F1E042A870035F4C4 /* PBXTargetDependency */ = {
			isa = PBXTargetDependency;
			target = D47612081E042A860035F4C4 /* DemoSave */;
			targetProxy = D476121E1E042A870035F4C4 /* PBXContainerItemProxy */;
		};
		D476122A1E042A870035F4C4 /* PBXTargetDependency */ = {
			isa = PBXTargetDependency;
			target = D47612081E042A860035F4C4 /* DemoSave */;
			targetProxy = D47612291E042A870035F4C4 /* PBXContainerItemProxy */;
		};
/* End PBXTargetDependency section */

/* Begin PBXVariantGroup section */
		D47612101E042A860035F4C4 /* Main.storyboard */ = {
			isa = PBXVariantGroup;
			children = (
				D47612111E042A860035F4C4 /* Base */,
			);
			name = Main.storyboard;
			sourceTree = "<group>";
		};
		D47612151E042A870035F4C4 /* LaunchScreen.storyboard */ = {
			isa = PBXVariantGroup;
			children = (
				D47612161E042A870035F4C4 /* Base */,
			);
			name = LaunchScreen.storyboard;
			sourceTree = "<group>";
		};
/* End PBXVariantGroup section */

/* Begin XCBuildConfiguration section */
		D476122F1E042A870035F4C4 /* Debug */ = {
			isa = XCBuildConfiguration;
			buildSettings = {
				ALWAYS_SEARCH_USER_PATHS = NO;
				CLANG_ANALYZER_NONNULL = YES;
				CLANG_CXX_LANGUAGE_STANDARD = "gnu++0x";
				CLANG_CXX_LIBRARY = "libc++";
				CLANG_ENABLE_MODULES = YES;
				CLANG_ENABLE_OBJC_ARC = YES;
				CLANG_WARN_BOOL_CONVERSION = YES;
				CLANG_WARN_CONSTANT_CONVERSION = YES;
				CLANG_WARN_DIRECT_OBJC_ISA_USAGE = YES_ERROR;
				CLANG_WARN_EMPTY_BODY = YES;
				CLANG_WARN_ENUM_CONVERSION = YES;
				CLANG_WARN_INT_CONVERSION = YES;
				CLANG_WARN_OBJC_ROOT_CLASS = YES_ERROR;
				CLANG_WARN_UNREACHABLE_CODE = YES;
				CLANG_WARN__DUPLICATE_METHOD_MATCH = YES;
				"CODE_SIGN_IDENTITY[sdk=iphoneos*]" = "iPhone Developer";
				COPY_PHASE_STRIP = NO;
				DEBUG_INFORMATION_FORMAT = dwarf;
				ENABLE_STRICT_OBJC_MSGSEND = YES;
				ENABLE_TESTABILITY = YES;
				GCC_C_LANGUAGE_STANDARD = gnu99;
				GCC_DYNAMIC_NO_PIC = NO;
				GCC_NO_COMMON_BLOCKS = YES;
				GCC_OPTIMIZATION_LEVEL = 0;
				GCC_PREPROCESSOR_DEFINITIONS = (
					"DEBUG=1",
					"$(inherited)",
				);
				GCC_WARN_64_TO_32_BIT_CONVERSION = YES;
				GCC_WARN_ABOUT_RETURN_TYPE = YES_ERROR;
				GCC_WARN_UNDECLARED_SELECTOR = YES;
				GCC_WARN_UNINITIALIZED_AUTOS = YES_AGGRESSIVE;
				GCC_WARN_UNUSED_FUNCTION = YES;
				GCC_WARN_UNUSED_VARIABLE = YES;
				IPHONEOS_DEPLOYMENT_TARGET = 9.3;
				MTL_ENABLE_DEBUG_INFO = YES;
				ONLY_ACTIVE_ARCH = YES;
				SDKROOT = iphoneos;
				SWIFT_OPTIMIZATION_LEVEL = "-Onone";
				TARGETED_DEVICE_FAMILY = "1,2";
			};
			name = Debug;
		};
		D47612301E042A870035F4C4 /* Release */ = {
			isa = XCBuildConfiguration;
			buildSettings = {
				ALWAYS_SEARCH_USER_PATHS = NO;
				CLANG_ANALYZER_NONNULL = YES;
				CLANG_CXX_LANGUAGE_STANDARD = "gnu++0x";
				CLANG_CXX_LIBRARY = "libc++";
				CLANG_ENABLE_MODULES = YES;
				CLANG_ENABLE_OBJC_ARC = YES;
				CLANG_WARN_BOOL_CONVERSION = YES;
				CLANG_WARN_CONSTANT_CONVERSION = YES;
				CLANG_WARN_DIRECT_OBJC_ISA_USAGE = YES_ERROR;
				CLANG_WARN_EMPTY_BODY = YES;
				CLANG_WARN_ENUM_CONVERSION = YES;
				CLANG_WARN_INT_CONVERSION = YES;
				CLANG_WARN_OBJC_ROOT_CLASS = YES_ERROR;
				CLANG_WARN_UNREACHABLE_CODE = YES;
				CLANG_WARN__DUPLICATE_METHOD_MATCH = YES;
				"CODE_SIGN_IDENTITY[sdk=iphoneos*]" = "iPhone Developer";
				COPY_PHASE_STRIP = NO;
				DEBUG_INFORMATION_FORMAT = "dwarf-with-dsym";
				ENABLE_NS_ASSERTIONS = NO;
				ENABLE_STRICT_OBJC_MSGSEND = YES;
				GCC_C_LANGUAGE_STANDARD = gnu99;
				GCC_NO_COMMON_BLOCKS = YES;
				GCC_WARN_64_TO_32_BIT_CONVERSION = YES;
				GCC_WARN_ABOUT_RETURN_TYPE = YES_ERROR;
				GCC_WARN_UNDECLARED_SELECTOR = YES;
				GCC_WARN_UNINITIALIZED_AUTOS = YES_AGGRESSIVE;
				GCC_WARN_UNUSED_FUNCTION = YES;
				GCC_WARN_UNUSED_VARIABLE = YES;
				IPHONEOS_DEPLOYMENT_TARGET = 9.3;
				MTL_ENABLE_DEBUG_INFO = NO;
				SDKROOT = iphoneos;
				TARGETED_DEVICE_FAMILY = "1,2";
				VALIDATE_PRODUCT = YES;
			};
			name = Release;
		};
		D47612321E042A870035F4C4 /* Debug */ = {
			isa = XCBuildConfiguration;
			buildSettings = {
				ASSETCATALOG_COMPILER_APPICON_NAME = AppIcon;
				INFOPLIST_FILE = DemoSave/Info.plist;
				LD_RUNPATH_SEARCH_PATHS = "$(inherited) @executable_path/Frameworks";
				PRODUCT_BUNDLE_IDENTIFIER = com.indusnet.co.in.DemoSave;
				PRODUCT_NAME = "$(TARGET_NAME)";
			};
			name = Debug;
		};
		D47612331E042A870035F4C4 /* Release */ = {
			isa = XCBuildConfiguration;
			buildSettings = {
				ASSETCATALOG_COMPILER_APPICON_NAME = AppIcon;
				INFOPLIST_FILE = DemoSave/Info.plist;
				LD_RUNPATH_SEARCH_PATHS = "$(inherited) @executable_path/Frameworks";
				PRODUCT_BUNDLE_IDENTIFIER = com.indusnet.co.in.DemoSave;
				PRODUCT_NAME = "$(TARGET_NAME)";
			};
			name = Release;
		};
		D47612351E042A870035F4C4 /* Debug */ = {
			isa = XCBuildConfiguration;
			buildSettings = {
				BUNDLE_LOADER = "$(TEST_HOST)";
				INFOPLIST_FILE = DemoSaveTests/Info.plist;
				LD_RUNPATH_SEARCH_PATHS = "$(inherited) @executable_path/Frameworks @loader_path/Frameworks";
				PRODUCT_BUNDLE_IDENTIFIER = com.indusnet.co.in.DemoSaveTests;
				PRODUCT_NAME = "$(TARGET_NAME)";
				TEST_HOST = "$(BUILT_PRODUCTS_DIR)/DemoSave.app/DemoSave";
			};
			name = Debug;
		};
		D47612361E042A870035F4C4 /* Release */ = {
			isa = XCBuildConfiguration;
			buildSettings = {
				BUNDLE_LOADER = "$(TEST_HOST)";
				INFOPLIST_FILE = DemoSaveTests/Info.plist;
				LD_RUNPATH_SEARCH_PATHS = "$(inherited) @executable_path/Frameworks @loader_path/Frameworks";
				PRODUCT_BUNDLE_IDENTIFIER = com.indusnet.co.in.DemoSaveTests;
				PRODUCT_NAME = "$(TARGET_NAME)";
				TEST_HOST = "$(BUILT_PRODUCTS_DIR)/DemoSave.app/DemoSave";
			};
			name = Release;
		};
		D47612381E042A870035F4C4 /* Debug */ = {
			isa = XCBuildConfiguration;
			buildSettings = {
				INFOPLIST_FILE = DemoSaveUITests/Info.plist;
				LD_RUNPATH_SEARCH_PATHS = "$(inherited) @executable_path/Frameworks @loader_path/Frameworks";
				PRODUCT_BUNDLE_IDENTIFIER = com.indusnet.co.in.DemoSaveUITests;
				PRODUCT_NAME = "$(TARGET_NAME)";
				TEST_TARGET_NAME = DemoSave;
			};
			name = Debug;
		};
		D47612391E042A870035F4C4 /* Release */ = {
			isa = XCBuildConfiguration;
			buildSettings = {
				INFOPLIST_FILE = DemoSaveUITests/Info.plist;
				LD_RUNPATH_SEARCH_PATHS = "$(inherited) @executable_path/Frameworks @loader_path/Frameworks";
				PRODUCT_BUNDLE_IDENTIFIER = com.indusnet.co.in.DemoSaveUITests;
				PRODUCT_NAME = "$(TARGET_NAME)";
				TEST_TARGET_NAME = DemoSave;
			};
			name = Release;
		};
/* End XCBuildConfiguration section */

/* Begin XCConfigurationList section */
		D47612041E042A860035F4C4 /* Build configuration list for PBXProject "DemoSave" */ = {
			isa = XCConfigurationList;
			buildConfigurations = (
				D476122F1E042A870035F4C4 /* Debug */,
				D47612301E042A870035F4C4 /* Release */,
			);
			defaultConfigurationIsVisible = 0;
			defaultConfigurationName = Release;
		};
		D47612311E042A870035F4C4 /* Build configuration list for PBXNativeTarget "DemoSave" */ = {
			isa = XCConfigurationList;
			buildConfigurations = (
				D47612321E042A870035F4C4 /* Debug */,
				D47612331E042A870035F4C4 /* Release */,
			);
			defaultConfigurationIsVisible = 0;
		};
		D47612341E042A870035F4C4 /* Build configuration list for PBXNativeTarget "DemoSaveTests" */ = {
			isa = XCConfigurationList;
			buildConfigurations = (
				D47612351E042A870035F4C4 /* Debug */,
				D47612361E042A870035F4C4 /* Release */,
			);
			defaultConfigurationIsVisible = 0;
		};
		D47612371E042A870035F4C4 /* Build configuration list for PBXNativeTarget "DemoSaveUITests" */ = {
			isa = XCConfigurationList;
			buildConfigurations = (
				D47612381E042A870035F4C4 /* Debug */,
				D47612391E042A870035F4C4 /* Release */,
			);
			defaultConfigurationIsVisible = 0;
		};
/* End XCConfigurationList section */
	};
	rootObject = D47612011E042A860035F4C4 /* Project object */;
}
